<?xml version="1.0" encoding="utf-8"?>
<Project ToolsVersion="4.0" xmlns="http://schemas.microsoft.com/developer/msbuild/2003">
  <ItemGroup>
    <Filter Include="Source Files">
      <UniqueIdentifier>{4FC737F1-C7A5-4376-A066-2A32D752A2FF}</UniqueIdentifier>
      <Extensions>cpp;c;cc;cxx;c++;cppm;ixx;def;odl;idl;hpj;bat;asm;asmx</Extensions>
    </Filter>
    <Filter Include="Header Files">
      <UniqueIdentifier>{93995380-89BD-4b04-88EB-625FBE52EBFB}</UniqueIdentifier>
      <Extensions>h;hh;hpp;hxx;h++;hm;inl;inc;ipp;xsd</Extensions>
    </Filter>
    <Filter Include="Resource Files">
      <UniqueIdentifier>{67DA6AB6-F800-4c08-8B7A-83BB121AAD01}</UniqueIdentifier>
      <Extensions>rc;ico;cur;bmp;dlg;rc2;rct;bin;rgs;gif;jpg;jpeg;jpe;resx;tiff;tif;png;wav;mfcribbon-ms</Extensions>
    </Filter>
  </ItemGroup>
  <ItemGroup>
    <ClInclude Include="src\engine\data.h">
      <Filter>Header Files</Filter>
    </ClInclude>
    <ClInclude Include="src\engine\geometry.h">
      <Filter>Header Files</Filter>
    </ClInclude>
    <ClInclude Include="src\engine\graphics.h">
      <Filter>Header Files</Filter>
    </ClInclude>
    <ClInclude Include="src\engine\image.h">
      <Filter>Header Files</Filter>
    </ClInclude>
    <ClInclude Include="src\engine\list.h">
      <Filter>Header Files</Filter>
    </ClInclude>
    <ClInclude Include="src\engine\math.h">
      <Filter>Header Files</Filter>
    </ClInclude>
    <ClInclude Include="src\engine\physics.h">
      <Filter>Header Files</Filter>
    </ClInclude>
    <ClInclude Include="src\engine\random.h">
      <Filter>Header Files</Filter>
    </ClInclude>
    <ClInclude Include="src\engine\sound.h">
      <Filter>Header Files</Filter>
    </ClInclude>
    <ClInclude Include="src\engine\time.h">
      <Filter>Header Files</Filter>
    </ClInclude>
    <ClInclude Include="src\engine\macros.h">
      <Filter>Header Files</Filter>
    </ClInclude>
    <ClInclude Include="src\game\battle.h">
      <Filter>Header Files</Filter>
    </ClInclude>
    <ClInclude Include="src\game\bot.h">
      <Filter>Header Files</Filter>
    </ClInclude>
    <ClInclude Include="src\game\button.h">
      <Filter>Header Files</Filter>
    </ClInclude>
    <ClInclude Include="src\game\cars.h">
      <Filter>Header Files</Filter>
    </ClInclude>
    <ClInclude Include="src\game\checkbox.h">
      <Filter>Header Files</Filter>
    </ClInclude>
    <ClInclude Include="src\game\counter.h">
      <Filter>Header Files</Filter>
    </ClInclude>
    <ClInclude Include="src\game\defines.h">
      <Filter>Header Files</Filter>
    </ClInclude>
    <ClInclude Include="src\game\global.h">
      <Filter>Header Files</Filter>
    </ClInclude>
    <ClInclude Include="src\engine\input.h">
      <Filter>Header Files</Filter>
    </ClInclude>
    <ClInclude Include="src\game\levels.h">
      <Filter>Header Files</Filter>
    </ClInclude>
    <ClInclude Include="src\game\menu.h">
      <Filter>Header Files</Filter>
    </ClInclude>
    <ClInclude Include="src\game\objects.h">
      <Filter>Header Files</Filter>
    </ClInclude>
    <ClInclude Include="src\game\save.h">
      <Filter>Header Files</Filter>
    </ClInclude>
    <ClInclude Include="src\game\scene.h">
      <Filter>Header Files</Filter>
    </ClInclude>
    <ClInclude Include="src\game\settings.h">
      <Filter>Header Files</Filter>
    </ClInclude>
    <ClInclude Include="src\game\sounds.h">
      <Filter>Header Files</Filter>
    </ClInclude>
    <ClInclude Include="src\game\textures.h">
      <Filter>Header Files</Filter>
    </ClInclude>
    <ClInclude Include="src\game\util.h">
      <Filter>Header Files</Filter>
    </ClInclude>
    <ClInclude Include="src\game\wheels.h">
      <Filter>Header Files</Filter>
    </ClInclude>
    <ClInclude Include="src\engine\win32\platform.h">
      <Filter>Header Files</Filter>
    </ClInclude>
    <ClInclude Include="src\game\main.h">
      <Filter>Header Files</Filter>
    </ClInclude>
    <ClInclude Include="src\engine\window.h">
      <Filter>Header Files</Filter>
    </ClInclude>
    <ClInclude Include="src\engine\config.h">
      <Filter>Header Files</Filter>
    </ClInclude>
  </ItemGroup>
  <ItemGroup>
    <ClCompile Include="src\engine\geometry.c">
      <Filter>Source Files</Filter>
    </ClCompile>
    <ClCompile Include="src\engine\list.c">
      <Filter>Source Files</Filter>
    </ClCompile>
    <ClCompile Include="src\engine\math.c">
      <Filter>Source Files</Filter>
    </ClCompile>
    <ClCompile Include="src\engine\physics.c">
      <Filter>Source Files</Filter>
    </ClCompile>
    <ClCompile Include="src\game\battle.c">
      <Filter>Source Files</Filter>
    </ClCompile>
    <ClCompile Include="src\game\bot.c">
      <Filter>Source Files</Filter>
    </ClCompile>
    <ClCompile Include="src\game\button.c">
      <Filter>Source Files</Filter>
    </ClCompile>
    <ClCompile Include="src\game\cars.c">
      <Filter>Source Files</Filter>
    </ClCompile>
    <ClCompile Include="src\game\checkbox.c">
      <Filter>Source Files</Filter>
    </ClCompile>
    <ClCompile Include="src\game\counter.c">
      <Filter>Source Files</Filter>
    </ClCompile>
    <ClCompile Include="src\game\global.c">
      <Filter>Source Files</Filter>
    </ClCompile>
    <ClCompile Include="src\engine\input.c">
      <Filter>Source Files</Filter>
    </ClCompile>
    <ClCompile Include="src\game\levels.c">
      <Filter>Source Files</Filter>
    </ClCompile>
    <ClCompile Include="src\game\menu.c">
      <Filter>Source Files</Filter>
    </ClCompile>
    <ClCompile Include="src\game\objects.c">
      <Filter>Source Files</Filter>
    </ClCompile>
    <ClCompile Include="src\game\save.c">
      <Filter>Source Files</Filter>
    </ClCompile>
    <ClCompile Include="src\game\scene.c">
      <Filter>Source Files</Filter>
    </ClCompile>
    <ClCompile Include="src\game\settings.c">
      <Filter>Source Files</Filter>
    </ClCompile>
    <ClCompile Include="src\game\sounds.c">
      <Filter>Source Files</Filter>
    </ClCompile>
    <ClCompile Include="src\game\textures.c">
      <Filter>Source Files</Filter>
    </ClCompile>
    <ClCompile Include="src\game\util.c">
      <Filter>Source Files</Filter>
    </ClCompile>
    <ClCompile Include="src\game\wheels.c">
      <Filter>Source Files</Filter>
    </ClCompile>
    <ClCompile Include="src\game\main.c">
      <Filter>Source Files</Filter>
    </ClCompile>
    <ClCompile Include="src\engine\win32\graphics.c">
      <Filter>Source Files</Filter>
    </ClCompile>
    <ClCompile Include="src\engine\win32\data.c">
      <Filter>Source Files</Filter>
    </ClCompile>
    <ClCompile Include="src\engine\random.c">
      <Filter>Source Files</Filter>
    </ClCompile>
    <ClCompile Include="src\engine\win32\sound.c">
      <Filter>Source Files</Filter>
    </ClCompile>
    <ClCompile Include="src\engine\win32\time.c">
      <Filter>Source Files</Filter>
    </ClCompile>
    <ClCompile Include="src\engine\win32\window.c">
      <Filter>Source Files</Filter>
    </ClCompile>
    <ClCompile Include="src\engine\config.c">
      <Filter>Source Files</Filter>
    </ClCompile>
  </ItemGroup>
</Project>